
Microsoft Visual Studio Solution File, Format Version 12.00
# Visual Studio Version 17
VisualStudioVersion = 17.10.35013.160
MinimumVisualStudioVersion = 10.0.40219.1
Project("{FAE04EC0-301F-11D3-BF4B-00C04F79EFBC}") = "Write a Number in Expanded Form", "Write a Number in Expanded Form.csproj", "{82B89245-C8B4-44BD-80D7-F01C699E89A1}"
EndProject
Global
	GlobalSection(SolutionConfigurationPlatforms) = preSolution
		Debug|Any CPU = Debug|Any CPU
		Release|Any CPU = Release|Any CPU
	EndGlobalSection
	GlobalSection(ProjectConfigurationPlatforms) = postSolution
		{82B89245-C8B4-44BD-80D7-F01C699E89A1}.Debug|Any CPU.ActiveCfg = Debug|Any CPU
		{82B89245-C8B4-44BD-80D7-F01C699E89A1}.Debug|Any CPU.Build.0 = Debug|Any CPU
		{82B89245-C8B4-44BD-80D7-F01C699E89A1}.Release|Any CPU.ActiveCfg = Release|Any CPU
		{82B89245-C8B4-44BD-80D7-F01C699E89A1}.Release|Any CPU.Build.0 = Release|Any CPU
	EndGlobalSection
	GlobalSection(SolutionProperties) = preSolution
		HideSolutionNode = FALSE
	EndGlobalSection
	GlobalSection(ExtensibilityGlobals) = postSolution
		SolutionGuid = {8045C507-E4DA-4443-A3BF-B1A4ED7570D2}
	EndGlobalSection
EndGlobal
